
Microsoft Visual Studio Solution File, Format Version 12.00
# Visual Studio 2012
Project("{2150E333-8FDC-42A3-9474-1A3956D46DE8}") = "Desktop", "Desktop", "{BE46BE85-8DF3-4D7A-816F-1EA6E1C62771}"
EndProject
Project("{FAE04EC0-301F-11D3-BF4B-00C04F79EFBC}") = "Tempest", "Tempest\Desktop\Tempest\Tempest.csproj", "{D6A2003C-CBB2-47B0-B306-521141D3068D}"
EndProject
Project("{FAE04EC0-301F-11D3-BF4B-00C04F79EFBC}") = "Tempest.Social", "Desktop\Tempest.Social\Tempest.Social.csproj", "{0569EC5A-D715-4A46-A2A5-BBE5F06F56C0}"
EndProject
Project("{FAE04EC0-301F-11D3-BF4B-00C04F79EFBC}") = "Tempest.Social.Tests", "Desktop\Tempest.Social.Tests\Tempest.Social.Tests.csproj", "{70E29A56-A69A-4723-A0EE-F4C694F590F9}"
EndProject
Project("{FAE04EC0-301F-11D3-BF4B-00C04F79EFBC}") = "Tempest.Tests", "Tempest\Desktop\Tempest\Tests\Tempest.Tests.csproj", "{97D53DFA-634E-4595-9AE3-DC1BC8A5F553}"
EndProject
Project("{FAE04EC0-301F-11D3-BF4B-00C04F79EFBC}") = "Tempest.Social.Server", "Desktop\Tempest.Social.Server\Tempest.Social.Server.csproj", "{F4A98E01-9660-4A54-8DF3-AD1294F3D2B5}"
EndProject
Project("{2150E333-8FDC-42A3-9474-1A3956D46DE8}") = "Windows Phone 7", "Windows Phone 7", "{087E103F-AF8B-4F4C-A49C-D2F91FD23C5F}"
EndProject
Project("{2150E333-8FDC-42A3-9474-1A3956D46DE8}") = "iOS", "iOS", "{9108EC68-D911-427D-B946-43EDF9A12E1D}"
EndProject
Project("{FAE04EC0-301F-11D3-BF4B-00C04F79EFBC}") = "Tempest.iOS", "Tempest\iOS\Tempest\Tempest.iOS.csproj", "{7994A7C5-FBC5-486E-A345-0B7499A34589}"
EndProject
Project("{FAE04EC0-301F-11D3-BF4B-00C04F79EFBC}") = "Tempest.Social.iOS", "iOS\Tempest.Social.iOS\Tempest.Social.iOS.csproj", "{DB758AD2-4073-4512-8DA9-90AB433B6437}"
EndProject
Project("{FAE04EC0-301F-11D3-BF4B-00C04F79EFBC}") = "Tempest.Social.WinPhone7", "Windows Phone\Tempest.Social.WinPhone7\Tempest.Social.WinPhone7.csproj", "{EA349FA5-2A17-48FC-A663-401E05137A9C}"
EndProject
Project("{FAE04EC0-301F-11D3-BF4B-00C04F79EFBC}") = "Tempest.WinPhone", "Tempest\Windows Phone\Tempest\Tempest.WinPhone.csproj", "{973EE310-685C-4E1B-9A62-629094B709E5}"
EndProject
Global
	GlobalSection(SolutionConfigurationPlatforms) = preSolution
		Debug|Any CPU = Debug|Any CPU
		Debug|iPhone = Debug|iPhone
		Release|Any CPU = Release|Any CPU
		Release|iPhone = Release|iPhone
	EndGlobalSection
	GlobalSection(ProjectConfigurationPlatforms) = postSolution
		{D6A2003C-CBB2-47B0-B306-521141D3068D}.Debug|Any CPU.ActiveCfg = Debug|Any CPU
		{D6A2003C-CBB2-47B0-B306-521141D3068D}.Debug|Any CPU.Build.0 = Debug|Any CPU
		{D6A2003C-CBB2-47B0-B306-521141D3068D}.Debug|iPhone.ActiveCfg = Debug|Any CPU
		{D6A2003C-CBB2-47B0-B306-521141D3068D}.Release|Any CPU.ActiveCfg = Release|Any CPU
		{D6A2003C-CBB2-47B0-B306-521141D3068D}.Release|Any CPU.Build.0 = Release|Any CPU
		{D6A2003C-CBB2-47B0-B306-521141D3068D}.Release|iPhone.ActiveCfg = Release|Any CPU
		{0569EC5A-D715-4A46-A2A5-BBE5F06F56C0}.Debug|Any CPU.ActiveCfg = Debug|Any CPU
		{0569EC5A-D715-4A46-A2A5-BBE5F06F56C0}.Debug|Any CPU.Build.0 = Debug|Any CPU
		{0569EC5A-D715-4A46-A2A5-BBE5F06F56C0}.Debug|iPhone.ActiveCfg = Debug|Any CPU
		{0569EC5A-D715-4A46-A2A5-BBE5F06F56C0}.Release|Any CPU.ActiveCfg = Release|Any CPU
		{0569EC5A-D715-4A46-A2A5-BBE5F06F56C0}.Release|Any CPU.Build.0 = Release|Any CPU
		{0569EC5A-D715-4A46-A2A5-BBE5F06F56C0}.Release|iPhone.ActiveCfg = Release|Any CPU
		{70E29A56-A69A-4723-A0EE-F4C694F590F9}.Debug|Any CPU.ActiveCfg = Debug|Any CPU
		{70E29A56-A69A-4723-A0EE-F4C694F590F9}.Debug|Any CPU.Build.0 = Debug|Any CPU
		{70E29A56-A69A-4723-A0EE-F4C694F590F9}.Debug|iPhone.ActiveCfg = Debug|Any CPU
		{70E29A56-A69A-4723-A0EE-F4C694F590F9}.Release|Any CPU.ActiveCfg = Release|Any CPU
		{70E29A56-A69A-4723-A0EE-F4C694F590F9}.Release|Any CPU.Build.0 = Release|Any CPU
		{70E29A56-A69A-4723-A0EE-F4C694F590F9}.Release|iPhone.ActiveCfg = Release|Any CPU
		{97D53DFA-634E-4595-9AE3-DC1BC8A5F553}.Debug|Any CPU.ActiveCfg = Debug|Any CPU
		{97D53DFA-634E-4595-9AE3-DC1BC8A5F553}.Debug|Any CPU.Build.0 = Debug|Any CPU
		{97D53DFA-634E-4595-9AE3-DC1BC8A5F553}.Debug|iPhone.ActiveCfg = Debug|Any CPU
		{97D53DFA-634E-4595-9AE3-DC1BC8A5F553}.Release|Any CPU.ActiveCfg = Release|Any CPU
		{97D53DFA-634E-4595-9AE3-DC1BC8A5F553}.Release|Any CPU.Build.0 = Release|Any CPU
		{97D53DFA-634E-4595-9AE3-DC1BC8A5F553}.Release|iPhone.ActiveCfg = Release|Any CPU
		{F4A98E01-9660-4A54-8DF3-AD1294F3D2B5}.Debug|Any CPU.ActiveCfg = Debug|Any CPU
		{F4A98E01-9660-4A54-8DF3-AD1294F3D2B5}.Debug|Any CPU.Build.0 = Debug|Any CPU
		{F4A98E01-9660-4A54-8DF3-AD1294F3D2B5}.Debug|iPhone.ActiveCfg = Debug|Any CPU
		{F4A98E01-9660-4A54-8DF3-AD1294F3D2B5}.Release|Any CPU.ActiveCfg = Release|Any CPU
		{F4A98E01-9660-4A54-8DF3-AD1294F3D2B5}.Release|Any CPU.Build.0 = Release|Any CPU
		{F4A98E01-9660-4A54-8DF3-AD1294F3D2B5}.Release|iPhone.ActiveCfg = Release|Any CPU
		{7994A7C5-FBC5-486E-A345-0B7499A34589}.Debug|Any CPU.ActiveCfg = Debug|iPhoneSimulator
		{7994A7C5-FBC5-486E-A345-0B7499A34589}.Debug|Any CPU.Build.0 = Debug|iPhoneSimulator
		{7994A7C5-FBC5-486E-A345-0B7499A34589}.Debug|iPhone.ActiveCfg = Debug|iPhone
		{7994A7C5-FBC5-486E-A345-0B7499A34589}.Debug|iPhone.Build.0 = Debug|iPhone
		{7994A7C5-FBC5-486E-A345-0B7499A34589}.Release|Any CPU.ActiveCfg = Release|iPhoneSimulator
		{7994A7C5-FBC5-486E-A345-0B7499A34589}.Release|Any CPU.Build.0 = Release|iPhoneSimulator
		{7994A7C5-FBC5-486E-A345-0B7499A34589}.Release|iPhone.ActiveCfg = Release|iPhone
		{7994A7C5-FBC5-486E-A345-0B7499A34589}.Release|iPhone.Build.0 = Release|iPhone
		{DB758AD2-4073-4512-8DA9-90AB433B6437}.Debug|Any CPU.ActiveCfg = Debug|Any CPU
		{DB758AD2-4073-4512-8DA9-90AB433B6437}.Debug|Any CPU.Build.0 = Debug|Any CPU
		{DB758AD2-4073-4512-8DA9-90AB433B6437}.Debug|iPhone.ActiveCfg = Debug|Any CPU
		{DB758AD2-4073-4512-8DA9-90AB433B6437}.Debug|iPhone.Build.0 = Debug|Any CPU
		{DB758AD2-4073-4512-8DA9-90AB433B6437}.Release|Any CPU.ActiveCfg = Release|Any CPU
		{DB758AD2-4073-4512-8DA9-90AB433B6437}.Release|Any CPU.Build.0 = Release|Any CPU
		{DB758AD2-4073-4512-8DA9-90AB433B6437}.Release|iPhone.ActiveCfg = Release|Any CPU
		{DB758AD2-4073-4512-8DA9-90AB433B6437}.Release|iPhone.Build.0 = Release|Any CPU
		{EA349FA5-2A17-48FC-A663-401E05137A9C}.Debug|Any CPU.ActiveCfg = Debug|Any CPU
		{EA349FA5-2A17-48FC-A663-401E05137A9C}.Debug|Any CPU.Build.0 = Debug|Any CPU
		{EA349FA5-2A17-48FC-A663-401E05137A9C}.Debug|iPhone.ActiveCfg = Debug|Any CPU
		{EA349FA5-2A17-48FC-A663-401E05137A9C}.Release|Any CPU.ActiveCfg = Release|Any CPU
		{EA349FA5-2A17-48FC-A663-401E05137A9C}.Release|Any CPU.Build.0 = Release|Any CPU
		{EA349FA5-2A17-48FC-A663-401E05137A9C}.Release|iPhone.ActiveCfg = Release|Any CPU
		{973EE310-685C-4E1B-9A62-629094B709E5}.Debug|Any CPU.ActiveCfg = Debug|Any CPU
		{973EE310-685C-4E1B-9A62-629094B709E5}.Debug|Any CPU.Build.0 = Debug|Any CPU
		{973EE310-685C-4E1B-9A62-629094B709E5}.Debug|iPhone.ActiveCfg = Debug|Any CPU
		{973EE310-685C-4E1B-9A62-629094B709E5}.Release|Any CPU.ActiveCfg = Release|Any CPU
		{973EE310-685C-4E1B-9A62-629094B709E5}.Release|Any CPU.Build.0 = Release|Any CPU
		{973EE310-685C-4E1B-9A62-629094B709E5}.Release|iPhone.ActiveCfg = Release|Any CPU
	EndGlobalSection
	GlobalSection(SolutionProperties) = preSolution
		HideSolutionNode = FALSE
	EndGlobalSection
	GlobalSection(NestedProjects) = preSolution
		{D6A2003C-CBB2-47B0-B306-521141D3068D} = {BE46BE85-8DF3-4D7A-816F-1EA6E1C62771}
		{0569EC5A-D715-4A46-A2A5-BBE5F06F56C0} = {BE46BE85-8DF3-4D7A-816F-1EA6E1C62771}
		{70E29A56-A69A-4723-A0EE-F4C694F590F9} = {BE46BE85-8DF3-4D7A-816F-1EA6E1C62771}
		{97D53DFA-634E-4595-9AE3-DC1BC8A5F553} = {BE46BE85-8DF3-4D7A-816F-1EA6E1C62771}
		{F4A98E01-9660-4A54-8DF3-AD1294F3D2B5} = {BE46BE85-8DF3-4D7A-816F-1EA6E1C62771}
		{EA349FA5-2A17-48FC-A663-401E05137A9C} = {087E103F-AF8B-4F4C-A49C-D2F91FD23C5F}
		{973EE310-685C-4E1B-9A62-629094B709E5} = {087E103F-AF8B-4F4C-A49C-D2F91FD23C5F}
		{7994A7C5-FBC5-486E-A345-0B7499A34589} = {9108EC68-D911-427D-B946-43EDF9A12E1D}
		{DB758AD2-4073-4512-8DA9-90AB433B6437} = {9108EC68-D911-427D-B946-43EDF9A12E1D}
	EndGlobalSection
EndGlobal
